# This file is automatically @generated by Poetry 1.6.1 and should not be changed by hand.

[[package]]
name = "pinyin"
version = "0.4.0"
description = "Translate chinese chars to pinyin based on Mandarin.dat"
optional = false
python-versions = "*"
files = [
    {file = "pinyin-0.4.0.tar.gz", hash = "sha256:8842ae53cb7a81c8c3ec03d1cd7dba9aedb20d8d6962aebc620fad74da0868f5"},
]

[metadata]
lock-version = "2.0"
python-versions = "^3.11"
content-hash = "7d98929f6f701b10ed847b9017c8cc2298bf82cf0fc012a078815730df96605c"
